
Microsoft Visual Studio Solution File, Format Version 12.00
# Visual Studio Version 17
VisualStudioVersion = 17.9.34728.123
MinimumVisualStudioVersion = 10.0.40219.1
Project("{9A19103F-16F7-4668-BE54-9A1E7A4F7556}") = "ProjectEuler", "ProjectEuler\ProjectEuler.csproj", "{AE3C0FAC-0A1E-41FF-B96C-1957D621E9DF}"
EndProject
Project("{FAE04EC0-301F-11D3-BF4B-00C04F79EFBC}") = "MathUtils", "Utils\MathUtils.csproj", "{6B192D80-9564-4D54-8F80-921E655EB00D}"
EndProject
Global
	GlobalSection(SolutionConfigurationPlatforms) = preSolution
		Debug|Any CPU = Debug|Any CPU
		Release|Any CPU = Release|Any CPU
	EndGlobalSection
	GlobalSection(ProjectConfigurationPlatforms) = postSolution
		{AE3C0FAC-0A1E-41FF-B96C-1957D621E9DF}.Debug|Any CPU.ActiveCfg = Debug|Any CPU
		{AE3C0FAC-0A1E-41FF-B96C-1957D621E9DF}.Debug|Any CPU.Build.0 = Debug|Any CPU
		{AE3C0FAC-0A1E-41FF-B96C-1957D621E9DF}.Release|Any CPU.ActiveCfg = Release|Any CPU
		{AE3C0FAC-0A1E-41FF-B96C-1957D621E9DF}.Release|Any CPU.Build.0 = Release|Any CPU
		{6B192D80-9564-4D54-8F80-921E655EB00D}.Debug|Any CPU.ActiveCfg = Debug|Any CPU
		{6B192D80-9564-4D54-8F80-921E655EB00D}.Debug|Any CPU.Build.0 = Debug|Any CPU
		{6B192D80-9564-4D54-8F80-921E655EB00D}.Release|Any CPU.ActiveCfg = Release|Any CPU
		{6B192D80-9564-4D54-8F80-921E655EB00D}.Release|Any CPU.Build.0 = Release|Any CPU
	EndGlobalSection
	GlobalSection(SolutionProperties) = preSolution
		HideSolutionNode = FALSE
	EndGlobalSection
	GlobalSection(ExtensibilityGlobals) = postSolution
		SolutionGuid = {23CB5BCE-883F-4A84-A8C3-D38A7E09BBDD}
	EndGlobalSection
EndGlobal
